
Microsoft Visual Studio Solution File, Format Version 12.00
# Visual Studio Version 17
VisualStudioVersion = 17.10.35013.160
MinimumVisualStudioVersion = 10.0.40219.1
Project("{FAE04EC0-301F-11D3-BF4B-00C04F79EFBC}") = "BHSTestTask", "BHSTestTask\BHSTestTask.csproj", "{F19D2A7A-53AC-4358-A909-DD5D5350290A}"
EndProject
Project("{FAE04EC0-301F-11D3-BF4B-00C04F79EFBC}") = "Leopotam.EcsLite", "ecslite\Leopotam.EcsLite.csproj", "{DD637AC9-4E52-479A-AA8C-AEFB43CBB745}"
EndProject
Project("{FAE04EC0-301F-11D3-BF4B-00C04F79EFBC}") = "Core", "Entities\Core.csproj", "{9DF2690B-45A9-448F-905D-4BBF91F8F708}"
EndProject
Project("{FAE04EC0-301F-11D3-BF4B-00C04F79EFBC}") = "ECS", "ECS\ECS.csproj", "{A56749DA-A844-4F1A-B317-392533110808}"
EndProject
Global
	GlobalSection(SolutionConfigurationPlatforms) = preSolution
		Debug|Any CPU = Debug|Any CPU
		Release|Any CPU = Release|Any CPU
	EndGlobalSection
	GlobalSection(ProjectConfigurationPlatforms) = postSolution
		{F19D2A7A-53AC-4358-A909-DD5D5350290A}.Debug|Any CPU.ActiveCfg = Debug|Any CPU
		{F19D2A7A-53AC-4358-A909-DD5D5350290A}.Debug|Any CPU.Build.0 = Debug|Any CPU
		{F19D2A7A-53AC-4358-A909-DD5D5350290A}.Release|Any CPU.ActiveCfg = Release|Any CPU
		{F19D2A7A-53AC-4358-A909-DD5D5350290A}.Release|Any CPU.Build.0 = Release|Any CPU
		{DD637AC9-4E52-479A-AA8C-AEFB43CBB745}.Debug|Any CPU.ActiveCfg = Debug|Any CPU
		{DD637AC9-4E52-479A-AA8C-AEFB43CBB745}.Debug|Any CPU.Build.0 = Debug|Any CPU
		{DD637AC9-4E52-479A-AA8C-AEFB43CBB745}.Release|Any CPU.ActiveCfg = Release|Any CPU
		{DD637AC9-4E52-479A-AA8C-AEFB43CBB745}.Release|Any CPU.Build.0 = Release|Any CPU
		{9DF2690B-45A9-448F-905D-4BBF91F8F708}.Debug|Any CPU.ActiveCfg = Debug|Any CPU
		{9DF2690B-45A9-448F-905D-4BBF91F8F708}.Debug|Any CPU.Build.0 = Debug|Any CPU
		{9DF2690B-45A9-448F-905D-4BBF91F8F708}.Release|Any CPU.ActiveCfg = Release|Any CPU
		{9DF2690B-45A9-448F-905D-4BBF91F8F708}.Release|Any CPU.Build.0 = Release|Any CPU
		{A56749DA-A844-4F1A-B317-392533110808}.Debug|Any CPU.ActiveCfg = Debug|Any CPU
		{A56749DA-A844-4F1A-B317-392533110808}.Debug|Any CPU.Build.0 = Debug|Any CPU
		{A56749DA-A844-4F1A-B317-392533110808}.Release|Any CPU.ActiveCfg = Release|Any CPU
		{A56749DA-A844-4F1A-B317-392533110808}.Release|Any CPU.Build.0 = Release|Any CPU
	EndGlobalSection
	GlobalSection(SolutionProperties) = preSolution
		HideSolutionNode = FALSE
	EndGlobalSection
	GlobalSection(ExtensibilityGlobals) = postSolution
		SolutionGuid = {4FD6FA45-8381-4CC7-B436-1ED3AD1B7CD1}
	EndGlobalSection
EndGlobal
