
Microsoft Visual Studio Solution File, Format Version 12.00
# Visual Studio Version 17
VisualStudioVersion = 17.10.35013.160
MinimumVisualStudioVersion = 10.0.40219.1
Project("{9A19103F-16F7-4668-BE54-9A1E7A4F7556}") = "BHSTestTask", "BHSTestTask\BHSTestTask.csproj", "{F19D2A7A-53AC-4358-A909-DD5D5350290A}"
EndProject
Project("{9A19103F-16F7-4668-BE54-9A1E7A4F7556}") = "ECS", "ECS\ECS.csproj", "{A56749DA-A844-4F1A-B317-392533110808}"
EndProject
Project("{9A19103F-16F7-4668-BE54-9A1E7A4F7556}") = "Core", "Core\Core.csproj", "{A65F0137-E096-4CB2-B20A-C45FE1809D6D}"
EndProject
Project("{9A19103F-16F7-4668-BE54-9A1E7A4F7556}") = "Leopotam.EcsLite", "Leopotam.EcsLite\Leopotam.EcsLite.csproj", "{07E5EC8F-298D-4C94-A7C4-D9D14DDC0C4A}"
EndProject
Project("{FAE04EC0-301F-11D3-BF4B-00C04F79EFBC}") = "UI", "UI\UI.csproj", "{93D8FB04-4F9F-46B7-82BE-2D44E0F78FF4}"
EndProject
Global
	GlobalSection(SolutionConfigurationPlatforms) = preSolution
		Debug|Any CPU = Debug|Any CPU
		Release|Any CPU = Release|Any CPU
	EndGlobalSection
	GlobalSection(ProjectConfigurationPlatforms) = postSolution
		{F19D2A7A-53AC-4358-A909-DD5D5350290A}.Debug|Any CPU.ActiveCfg = Debug|Any CPU
		{F19D2A7A-53AC-4358-A909-DD5D5350290A}.Debug|Any CPU.Build.0 = Debug|Any CPU
		{F19D2A7A-53AC-4358-A909-DD5D5350290A}.Release|Any CPU.ActiveCfg = Release|Any CPU
		{F19D2A7A-53AC-4358-A909-DD5D5350290A}.Release|Any CPU.Build.0 = Release|Any CPU
		{A56749DA-A844-4F1A-B317-392533110808}.Debug|Any CPU.ActiveCfg = Debug|Any CPU
		{A56749DA-A844-4F1A-B317-392533110808}.Debug|Any CPU.Build.0 = Debug|Any CPU
		{A56749DA-A844-4F1A-B317-392533110808}.Release|Any CPU.ActiveCfg = Release|Any CPU
		{A56749DA-A844-4F1A-B317-392533110808}.Release|Any CPU.Build.0 = Release|Any CPU
		{A65F0137-E096-4CB2-B20A-C45FE1809D6D}.Debug|Any CPU.ActiveCfg = Debug|Any CPU
		{A65F0137-E096-4CB2-B20A-C45FE1809D6D}.Debug|Any CPU.Build.0 = Debug|Any CPU
		{A65F0137-E096-4CB2-B20A-C45FE1809D6D}.Release|Any CPU.ActiveCfg = Release|Any CPU
		{A65F0137-E096-4CB2-B20A-C45FE1809D6D}.Release|Any CPU.Build.0 = Release|Any CPU
		{07E5EC8F-298D-4C94-A7C4-D9D14DDC0C4A}.Debug|Any CPU.ActiveCfg = Debug|Any CPU
		{07E5EC8F-298D-4C94-A7C4-D9D14DDC0C4A}.Debug|Any CPU.Build.0 = Debug|Any CPU
		{07E5EC8F-298D-4C94-A7C4-D9D14DDC0C4A}.Release|Any CPU.ActiveCfg = Release|Any CPU
		{07E5EC8F-298D-4C94-A7C4-D9D14DDC0C4A}.Release|Any CPU.Build.0 = Release|Any CPU
		{93D8FB04-4F9F-46B7-82BE-2D44E0F78FF4}.Debug|Any CPU.ActiveCfg = Debug|Any CPU
		{93D8FB04-4F9F-46B7-82BE-2D44E0F78FF4}.Debug|Any CPU.Build.0 = Debug|Any CPU
		{93D8FB04-4F9F-46B7-82BE-2D44E0F78FF4}.Release|Any CPU.ActiveCfg = Release|Any CPU
		{93D8FB04-4F9F-46B7-82BE-2D44E0F78FF4}.Release|Any CPU.Build.0 = Release|Any CPU
	EndGlobalSection
	GlobalSection(SolutionProperties) = preSolution
		HideSolutionNode = FALSE
	EndGlobalSection
	GlobalSection(ExtensibilityGlobals) = postSolution
		SolutionGuid = {4FD6FA45-8381-4CC7-B436-1ED3AD1B7CD1}
	EndGlobalSection
EndGlobal
